// !$*UTF8*$!
{
	archiveVersion = 1;
	classes = {
	};
	objectVersion = 46;
	objects = {

/* Begin PBXBuildFile section */
		2C5C42242DAD16FE00CD4565 /* MotionOrientation.m in Sources */ = {isa = PBXBuildFile; fileRef = 2C5C42212DAD16FE00CD4565 /* MotionOrientation.m */; };
		2C5C42272DAFCDD400CD4565 /* lenna.png in Resources */ = {isa = PBXBuildFile; fileRef = 2C5C42262DAFCDD400CD4565 /* lenna.png */; };
		2C5C422A2DAFCF1600CD4565 /* FixedOverlayManager.m in Sources */ = {isa = PBXBuildFile; fileRef = 2C5C42292DAFCF1400CD4565 /* FixedOverlayManager.m */; };
		2CA760291CCA00F900B538F0 /* ViewController.m in Sources */ = {isa = PBXBuildFile; fileRef = 2CA760281CCA00F900B538F0 /* ViewController.m */; };
		E5E7A6E417C1F57A00803A0D /* UIKit.framework in Frameworks */ = {isa = PBXBuildFile; fileRef = E5E7A6E317C1F57A00803A0D /* UIKit.framework */; };
		E5E7A6E617C1F57A00803A0D /* Foundation.framework in Frameworks */ = {isa = PBXBuildFile; fileRef = E5E7A6E517C1F57A00803A0D /* Foundation.framework */; };
		E5E7A6E817C1F57A00803A0D /* CoreGraphics.framework in Frameworks */ = {isa = PBXBuildFile; fileRef = E5E7A6E717C1F57A00803A0D /* CoreGraphics.framework */; };
		E5E7A6EE17C1F57A00803A0D /* InfoPlist.strings in Resources */ = {isa = PBXBuildFile; fileRef = E5E7A6EC17C1F57A00803A0D /* InfoPlist.strings */; };
		E5E7A6F017C1F57A00803A0D /* main.m in Sources */ = {isa = PBXBuildFile; fileRef = E5E7A6EF17C1F57A00803A0D /* main.m */; };
		E5E7A6F417C1F57A00803A0D /* AppDelegate.m in Sources */ = {isa = PBXBuildFile; fileRef = E5E7A6F317C1F57A00803A0D /* AppDelegate.m */; };
		E5E7A6F617C1F57A00803A0D /* Default.png in Resources */ = {isa = PBXBuildFile; fileRef = E5E7A6F517C1F57A00803A0D /* Default.png */; };
		E5E7A6F817C1F57A00803A0D /* Default@2x.png in Resources */ = {isa = PBXBuildFile; fileRef = E5E7A6F717C1F57A00803A0D /* Default@2x.png */; };
		E5E7A6FA17C1F57A00803A0D /* Default-568h@2x.png in Resources */ = {isa = PBXBuildFile; fileRef = E5E7A6F917C1F57A00803A0D /* Default-568h@2x.png */; };
		E5E7A70017C1F57A00803A0D /* ViewController.xib in Resources */ = {isa = PBXBuildFile; fileRef = E5E7A6FE17C1F57A00803A0D /* ViewController.xib */; };
		E5E7A72B17C1FAEF00803A0D /* CoreMotion.framework in Frameworks */ = {isa = PBXBuildFile; fileRef = E5E7A72A17C1FAEF00803A0D /* CoreMotion.framework */; };
/* End PBXBuildFile section */

/* Begin PBXFileReference section */
		2C5C42202DAD16FE00CD4565 /* MotionOrientation.h */ = {isa = PBXFileReference; lastKnownFileType = sourcecode.c.h; path = MotionOrientation.h; sourceTree = "<group>"; };
		2C5C42212DAD16FE00CD4565 /* MotionOrientation.m */ = {isa = PBXFileReference; lastKnownFileType = sourcecode.c.objc; path = MotionOrientation.m; sourceTree = "<group>"; };
		2C5C42262DAFCDD400CD4565 /* lenna.png */ = {isa = PBXFileReference; lastKnownFileType = image.png; path = lenna.png; sourceTree = "<group>"; };
		2C5C42282DAFCF1000CD4565 /* FixedOverlayManager.h */ = {isa = PBXFileReference; lastKnownFileType = sourcecode.c.h; path = FixedOverlayManager.h; sourceTree = "<group>"; };
		2C5C42292DAFCF1400CD4565 /* FixedOverlayManager.m */ = {isa = PBXFileReference; lastKnownFileType = sourcecode.c.objc; path = FixedOverlayManager.m; sourceTree = "<group>"; };
		2CA760271CCA00F900B538F0 /* ViewController.h */ = {isa = PBXFileReference; fileEncoding = 4; lastKnownFileType = sourcecode.c.h; path = ViewController.h; sourceTree = "<group>"; };
		2CA760281CCA00F900B538F0 /* ViewController.m */ = {isa = PBXFileReference; fileEncoding = 4; lastKnownFileType = sourcecode.c.objc; path = ViewController.m; sourceTree = "<group>"; };
		E5E7A6E017C1F57A00803A0D /* Demo.app */ = {isa = PBXFileReference; explicitFileType = wrapper.application; includeInIndex = 0; path = Demo.app; sourceTree = BUILT_PRODUCTS_DIR; };
		E5E7A6E317C1F57A00803A0D /* UIKit.framework */ = {isa = PBXFileReference; lastKnownFileType = wrapper.framework; name = UIKit.framework; path = System/Library/Frameworks/UIKit.framework; sourceTree = SDKROOT; };
		E5E7A6E517C1F57A00803A0D /* Foundation.framework */ = {isa = PBXFileReference; lastKnownFileType = wrapper.framework; name = Foundation.framework; path = System/Library/Frameworks/Foundation.framework; sourceTree = SDKROOT; };
		E5E7A6E717C1F57A00803A0D /* CoreGraphics.framework */ = {isa = PBXFileReference; lastKnownFileType = wrapper.framework; name = CoreGraphics.framework; path = System/Library/Frameworks/CoreGraphics.framework; sourceTree = SDKROOT; };
		E5E7A6EB17C1F57A00803A0D /* Demo-Info.plist */ = {isa = PBXFileReference; lastKnownFileType = text.plist.xml; path = "Demo-Info.plist"; sourceTree = "<group>"; };
		E5E7A6ED17C1F57A00803A0D /* en */ = {isa = PBXFileReference; lastKnownFileType = text.plist.strings; name = en; path = en.lproj/InfoPlist.strings; sourceTree = "<group>"; };
		E5E7A6EF17C1F57A00803A0D /* main.m */ = {isa = PBXFileReference; lastKnownFileType = sourcecode.c.objc; path = main.m; sourceTree = "<group>"; };
		E5E7A6F117C1F57A00803A0D /* Demo-Prefix.pch */ = {isa = PBXFileReference; lastKnownFileType = sourcecode.c.h; path = "Demo-Prefix.pch"; sourceTree = "<group>"; };
		E5E7A6F217C1F57A00803A0D /* AppDelegate.h */ = {isa = PBXFileReference; lastKnownFileType = sourcecode.c.h; path = AppDelegate.h; sourceTree = "<group>"; };
		E5E7A6F317C1F57A00803A0D /* AppDelegate.m */ = {isa = PBXFileReference; lastKnownFileType = sourcecode.c.objc; path = AppDelegate.m; sourceTree = "<group>"; };
		E5E7A6F517C1F57A00803A0D /* Default.png */ = {isa = PBXFileReference; lastKnownFileType = image.png; path = Default.png; sourceTree = "<group>"; };
		E5E7A6F717C1F57A00803A0D /* Default@2x.png */ = {isa = PBXFileReference; lastKnownFileType = image.png; path = "Default@2x.png"; sourceTree = "<group>"; };
		E5E7A6F917C1F57A00803A0D /* Default-568h@2x.png */ = {isa = PBXFileReference; lastKnownFileType = image.png; path = "Default-568h@2x.png"; sourceTree = "<group>"; };
		E5E7A6FF17C1F57A00803A0D /* en */ = {isa = PBXFileReference; lastKnownFileType = file.xib; name = en; path = en.lproj/ViewController.xib; sourceTree = "<group>"; };
		E5E7A72A17C1FAEF00803A0D /* CoreMotion.framework */ = {isa = PBXFileReference; lastKnownFileType = wrapper.framework; name = CoreMotion.framework; path = System/Library/Frameworks/CoreMotion.framework; sourceTree = SDKROOT; };
/* End PBXFileReference section */

/* Begin PBXFrameworksBuildPhase section */
		E5E7A6DD17C1F57A00803A0D /* Frameworks */ = {
			isa = PBXFrameworksBuildPhase;
			buildActionMask = 2147483647;
			files = (
				E5E7A72B17C1FAEF00803A0D /* CoreMotion.framework in Frameworks */,
				E5E7A6E417C1F57A00803A0D /* UIKit.framework in Frameworks */,
				E5E7A6E617C1F57A00803A0D /* Foundation.framework in Frameworks */,
				E5E7A6E817C1F57A00803A0D /* CoreGraphics.framework in Frameworks */,
			);
			runOnlyForDeploymentPostprocessing = 0;
		};
/* End PBXFrameworksBuildPhase section */

/* Begin PBXGroup section */
		2C5C42222DAD16FE00CD4565 /* MotionOrientation */ = {
			isa = PBXGroup;
			children = (
				2C5C42202DAD16FE00CD4565 /* MotionOrientation.h */,
				2C5C42212DAD16FE00CD4565 /* MotionOrientation.m */,
			);
			path = MotionOrientation;
			sourceTree = "<group>";
		};
		2C5C42232DAD16FE00CD4565 /* Sources */ = {
			isa = PBXGroup;
			children = (
				2C5C42222DAD16FE00CD4565 /* MotionOrientation */,
			);
			name = Sources;
			path = ../Sources;
			sourceTree = SOURCE_ROOT;
		};
		E5E7A6D717C1F57A00803A0D = {
			isa = PBXGroup;
			children = (
				2C5C42232DAD16FE00CD4565 /* Sources */,
				E5E7A6E917C1F57A00803A0D /* Demo */,
				E5E7A6E217C1F57A00803A0D /* Frameworks */,
				E5E7A6E117C1F57A00803A0D /* Products */,
			);
			sourceTree = "<group>";
		};
		E5E7A6E117C1F57A00803A0D /* Products */ = {
			isa = PBXGroup;
			children = (
				E5E7A6E017C1F57A00803A0D /* Demo.app */,
			);
			name = Products;
			sourceTree = "<group>";
		};
		E5E7A6E217C1F57A00803A0D /* Frameworks */ = {
			isa = PBXGroup;
			children = (
				E5E7A6E317C1F57A00803A0D /* UIKit.framework */,
				E5E7A6E517C1F57A00803A0D /* Foundation.framework */,
				E5E7A6E717C1F57A00803A0D /* CoreGraphics.framework */,
				E5E7A72A17C1FAEF00803A0D /* CoreMotion.framework */,
			);
			name = Frameworks;
			sourceTree = "<group>";
		};
		E5E7A6E917C1F57A00803A0D /* Demo */ = {
			isa = PBXGroup;
			children = (
				2C5C42282DAFCF1000CD4565 /* FixedOverlayManager.h */,
				2C5C42292DAFCF1400CD4565 /* FixedOverlayManager.m */,
				E5E7A6F217C1F57A00803A0D /* AppDelegate.h */,
				E5E7A6F317C1F57A00803A0D /* AppDelegate.m */,
				2CA760271CCA00F900B538F0 /* ViewController.h */,
				2CA760281CCA00F900B538F0 /* ViewController.m */,
				E5E7A6FE17C1F57A00803A0D /* ViewController.xib */,
				E5E7A6EA17C1F57A00803A0D /* Supporting Files */,
			);
			path = Demo;
			sourceTree = "<group>";
		};
		E5E7A6EA17C1F57A00803A0D /* Supporting Files */ = {
			isa = PBXGroup;
			children = (
				E5E7A6EB17C1F57A00803A0D /* Demo-Info.plist */,
				E5E7A6EC17C1F57A00803A0D /* InfoPlist.strings */,
				E5E7A6EF17C1F57A00803A0D /* main.m */,
				E5E7A6F117C1F57A00803A0D /* Demo-Prefix.pch */,
				E5E7A6F517C1F57A00803A0D /* Default.png */,
				E5E7A6F717C1F57A00803A0D /* Default@2x.png */,
				E5E7A6F917C1F57A00803A0D /* Default-568h@2x.png */,
				2C5C42262DAFCDD400CD4565 /* lenna.png */,
			);
			name = "Supporting Files";
			sourceTree = "<group>";
		};
/* End PBXGroup section */

/* Begin PBXNativeTarget section */
		E5E7A6DF17C1F57A00803A0D /* Demo */ = {
			isa = PBXNativeTarget;
			buildConfigurationList = E5E7A70317C1F57A00803A0D /* Build configuration list for PBXNativeTarget "Demo" */;
			buildPhases = (
				E5E7A6DC17C1F57A00803A0D /* Sources */,
				E5E7A6DD17C1F57A00803A0D /* Frameworks */,
				E5E7A6DE17C1F57A00803A0D /* Resources */,
			);
			buildRules = (
			);
			dependencies = (
			);
			name = Demo;
			productName = Demo;
			productReference = E5E7A6E017C1F57A00803A0D /* Demo.app */;
			productType = "com.apple.product-type.application";
		};
/* End PBXNativeTarget section */

/* Begin PBXProject section */
		E5E7A6D817C1F57A00803A0D /* Project object */ = {
			isa = PBXProject;
			attributes = {
				LastUpgradeCheck = 0460;
				TargetAttributes = {
					E5E7A6DF17C1F57A00803A0D = {
						DevelopmentTeam = S9DLPPENQG;
					};
				};
			};
			buildConfigurationList = E5E7A6DB17C1F57A00803A0D /* Build configuration list for PBXProject "Demo" */;
			compatibilityVersion = "Xcode 3.2";
			developmentRegion = English;
			hasScannedForEncodings = 0;
			knownRegions = (
				English,
				en,
			);
			mainGroup = E5E7A6D717C1F57A00803A0D;
			productRefGroup = E5E7A6E117C1F57A00803A0D /* Products */;
			projectDirPath = "";
			projectRoot = "";
			targets = (
				E5E7A6DF17C1F57A00803A0D /* Demo */,
			);
		};
/* End PBXProject section */

/* Begin PBXResourcesBuildPhase section */
		E5E7A6DE17C1F57A00803A0D /* Resources */ = {
			isa = PBXResourcesBuildPhase;
			buildActionMask = 2147483647;
			files = (
				E5E7A6EE17C1F57A00803A0D /* InfoPlist.strings in Resources */,
				E5E7A6F617C1F57A00803A0D /* Default.png in Resources */,
				2C5C42272DAFCDD400CD4565 /* lenna.png in Resources */,
				E5E7A6F817C1F57A00803A0D /* Default@2x.png in Resources */,
				E5E7A6FA17C1F57A00803A0D /* Default-568h@2x.png in Resources */,
				E5E7A70017C1F57A00803A0D /* ViewController.xib in Resources */,
			);
			runOnlyForDeploymentPostprocessing = 0;
		};
/* End PBXResourcesBuildPhase section */

/* Begin PBXSourcesBuildPhase section */
		E5E7A6DC17C1F57A00803A0D /* Sources */ = {
			isa = PBXSourcesBuildPhase;
			buildActionMask = 2147483647;
			files = (
				2C5C42242DAD16FE00CD4565 /* MotionOrientation.m in Sources */,
				E5E7A6F017C1F57A00803A0D /* main.m in Sources */,
				2C5C422A2DAFCF1600CD4565 /* FixedOverlayManager.m in Sources */,
				E5E7A6F417C1F57A00803A0D /* AppDelegate.m in Sources */,
				2CA760291CCA00F900B538F0 /* ViewController.m in Sources */,
			);
			runOnlyForDeploymentPostprocessing = 0;
		};
/* End PBXSourcesBuildPhase section */

/* Begin PBXVariantGroup section */
		E5E7A6EC17C1F57A00803A0D /* InfoPlist.strings */ = {
			isa = PBXVariantGroup;
			children = (
				E5E7A6ED17C1F57A00803A0D /* en */,
			);
			name = InfoPlist.strings;
			sourceTree = "<group>";
		};
		E5E7A6FE17C1F57A00803A0D /* ViewController.xib */ = {
			isa = PBXVariantGroup;
			children = (
				E5E7A6FF17C1F57A00803A0D /* en */,
			);
			name = ViewController.xib;
			sourceTree = "<group>";
		};
/* End PBXVariantGroup section */

/* Begin XCBuildConfiguration section */
		E5E7A70117C1F57A00803A0D /* Debug */ = {
			isa = XCBuildConfiguration;
			buildSettings = {
				ALWAYS_SEARCH_USER_PATHS = NO;
				CLANG_CXX_LANGUAGE_STANDARD = "gnu++0x";
				CLANG_CXX_LIBRARY = "libc++";
				CLANG_ENABLE_OBJC_ARC = YES;
				CLANG_WARN_CONSTANT_CONVERSION = YES;
				CLANG_WARN_EMPTY_BODY = YES;
				CLANG_WARN_ENUM_CONVERSION = YES;
				CLANG_WARN_INT_CONVERSION = YES;
				CLANG_WARN__DUPLICATE_METHOD_MATCH = YES;
				"CODE_SIGN_IDENTITY[sdk=iphoneos*]" = "iPhone Developer";
				COPY_PHASE_STRIP = NO;
				GCC_C_LANGUAGE_STANDARD = gnu99;
				GCC_DYNAMIC_NO_PIC = NO;
				GCC_OPTIMIZATION_LEVEL = 0;
				GCC_PREPROCESSOR_DEFINITIONS = (
					"DEBUG=1",
					"$(inherited)",
				);
				GCC_SYMBOLS_PRIVATE_EXTERN = NO;
				GCC_WARN_ABOUT_RETURN_TYPE = YES;
				GCC_WARN_UNINITIALIZED_AUTOS = YES;
				GCC_WARN_UNUSED_VARIABLE = YES;
				IPHONEOS_DEPLOYMENT_TARGET = 7.0;
				ONLY_ACTIVE_ARCH = YES;
				SDKROOT = iphoneos;
			};
			name = Debug;
		};
		E5E7A70217C1F57A00803A0D /* Release */ = {
			isa = XCBuildConfiguration;
			buildSettings = {
				ALWAYS_SEARCH_USER_PATHS = NO;
				CLANG_CXX_LANGUAGE_STANDARD = "gnu++0x";
				CLANG_CXX_LIBRARY = "libc++";
				CLANG_ENABLE_OBJC_ARC = YES;
				CLANG_WARN_CONSTANT_CONVERSION = YES;
				CLANG_WARN_EMPTY_BODY = YES;
				CLANG_WARN_ENUM_CONVERSION = YES;
				CLANG_WARN_INT_CONVERSION = YES;
				CLANG_WARN__DUPLICATE_METHOD_MATCH = YES;
				"CODE_SIGN_IDENTITY[sdk=iphoneos*]" = "iPhone Developer";
				COPY_PHASE_STRIP = YES;
				GCC_C_LANGUAGE_STANDARD = gnu99;
				GCC_WARN_ABOUT_RETURN_TYPE = YES;
				GCC_WARN_UNINITIALIZED_AUTOS = YES;
				GCC_WARN_UNUSED_VARIABLE = YES;
				IPHONEOS_DEPLOYMENT_TARGET = 7.0;
				OTHER_CFLAGS = "-DNS_BLOCK_ASSERTIONS=1";
				SDKROOT = iphoneos;
				VALIDATE_PRODUCT = YES;
			};
			name = Release;
		};
		E5E7A70417C1F57A00803A0D /* Debug */ = {
			isa = XCBuildConfiguration;
			buildSettings = {
				DEVELOPMENT_TEAM = S9DLPPENQG;
				GCC_PRECOMPILE_PREFIX_HEADER = YES;
				GCC_PREFIX_HEADER = "Demo/Demo-Prefix.pch";
				INFOPLIST_FILE = "Demo/Demo-Info.plist";
				IPHONEOS_DEPLOYMENT_TARGET = 11.0;
				PRODUCT_BUNDLE_IDENTIFIER = com.motionorientation.demo;
				PRODUCT_NAME = "$(TARGET_NAME)";
				WRAPPER_EXTENSION = app;
			};
			name = Debug;
		};
		E5E7A70517C1F57A00803A0D /* Release */ = {
			isa = XCBuildConfiguration;
			buildSettings = {
				DEVELOPMENT_TEAM = S9DLPPENQG;
				GCC_PRECOMPILE_PREFIX_HEADER = YES;
				GCC_PREFIX_HEADER = "Demo/Demo-Prefix.pch";
				INFOPLIST_FILE = "Demo/Demo-Info.plist";
				IPHONEOS_DEPLOYMENT_TARGET = 11.0;
				PRODUCT_BUNDLE_IDENTIFIER = com.motionorientation.demo;
				PRODUCT_NAME = "$(TARGET_NAME)";
				WRAPPER_EXTENSION = app;
			};
			name = Release;
		};
/* End XCBuildConfiguration section */

/* Begin XCConfigurationList section */
		E5E7A6DB17C1F57A00803A0D /* Build configuration list for PBXProject "Demo" */ = {
			isa = XCConfigurationList;
			buildConfigurations = (
				E5E7A70117C1F57A00803A0D /* Debug */,
				E5E7A70217C1F57A00803A0D /* Release */,
			);
			defaultConfigurationIsVisible = 0;
			defaultConfigurationName = Release;
		};
		E5E7A70317C1F57A00803A0D /* Build configuration list for PBXNativeTarget "Demo" */ = {
			isa = XCConfigurationList;
			buildConfigurations = (
				E5E7A70417C1F57A00803A0D /* Debug */,
				E5E7A70517C1F57A00803A0D /* Release */,
			);
			defaultConfigurationIsVisible = 0;
			defaultConfigurationName = Release;
		};
/* End XCConfigurationList section */
	};
	rootObject = E5E7A6D817C1F57A00803A0D /* Project object */;
}
